{
    "_readme": [
        "This file locks the dependencies of your project to a known state",
        "Read more about it at https://getcomposer.org/doc/01-basic-usage.md#installing-dependencies",
        "This file is @generated automatically"
    ],
    "content-hash": "0503df8d08beb5bc7aa4a9572b6cf174",
    "packages": [
        {
            "name": "blackspot/service-integrations-container",
            "version": "dev-master",
            "source": {
                "type": "git",
                "url": "https://github.com/Guillermo-Blackspot/service-integrations-container.git",
                "reference": "20cc05e4d4239f66276981d51ca73c9895df14c7"
            },
            "dist": {
                "type": "zip",
                "url": "https://api.github.com/repos/Guillermo-Blackspot/service-integrations-container/zipball/20cc05e4d4239f66276981d51ca73c9895df14c7",
                "reference": "20cc05e4d4239f66276981d51ca73c9895df14c7",
                "shasum": ""
            },
            "default-branch": true,
            "type": "library",
            "extra": {
                "laravel": {
                    "providers": [
                        "BlackSpot\\ServiceIntegrationsContainer\\ServiceProvider"
                    ]
                }
            },
            "autoload": {
                "psr-4": {
                    "BlackSpot\\ServiceIntegrationsContainer\\": "src/"
                }
            },
            "notification-url": "https://packagist.org/downloads/",
            "license": [
                "MIT"
            ],
            "authors": [
                {
                    "name": "Guillermo-Rodriguez",
                    "email": "guillermo.blackspot@gmail.com"
                }
            ],
            "description": "The service integrations container base for stripe multiple accounts and system_charges",
            "support": {
                "issues": "https://github.com/Guillermo-Blackspot/service-integrations-container/issues",
                "source": "https://github.com/Guillermo-Blackspot/service-integrations-container/tree/master"
            },
            "time": "2023-03-06T23:54:02+00:00"
        }
    ],
    "packages-dev": [],
    "aliases": [],
    "minimum-stability": "dev",
    "stability-flags": {
        "blackspot/service-integrations-container": 20
    },
    "prefer-stable": false,
    "prefer-lowest": false,
    "platform": [],
    "platform-dev": [],
    "plugin-api-version": "2.1.0"
}
